
Microsoft Visual Studio Solution File, Format Version 12.00
# Visual Studio 2013
VisualStudioVersion = 12.0.31101.0
MinimumVisualStudioVersion = 10.0.40219.1
Project("{FAE04EC0-301F-11D3-BF4B-00C04F79EFBC}") = "ConsoleMessaging", "ConsoleMessaging\ConsoleMessaging.csproj", "{6BD049E2-A373-46FE-BB85-62F20C1FC5E4}"
EndProject
Project("{FAE04EC0-301F-11D3-BF4B-00C04F79EFBC}") = "ConsoleReceiver", "ConsoleReceiver\ConsoleReceiver.csproj", "{4AA90709-D722-48CF-A172-932A1D78938E}"
EndProject
Project("{FAE04EC0-301F-11D3-BF4B-00C04F79EFBC}") = "ConsoleSender", "ConsoleSender\ConsoleSender.csproj", "{8C5AC7BF-14AC-4718-BA2B-45C773051D03}"
EndProject
Project("{FAE04EC0-301F-11D3-BF4B-00C04F79EFBC}") = "ClassLibrary", "ClassLibrary\ClassLibrary.csproj", "{8F77D05A-2FD8-4F5E-B596-538ECCF35962}"
EndProject
Project("{FAE04EC0-301F-11D3-BF4B-00C04F79EFBC}") = "Chat", "Chat\Chat.csproj", "{54BCC452-920D-4502-9E02-3E3291B94974}"
EndProject
Global
	GlobalSection(SolutionConfigurationPlatforms) = preSolution
		Debug|Any CPU = Debug|Any CPU
		Release|Any CPU = Release|Any CPU
	EndGlobalSection
	GlobalSection(ProjectConfigurationPlatforms) = postSolution
		{6BD049E2-A373-46FE-BB85-62F20C1FC5E4}.Debug|Any CPU.ActiveCfg = Debug|Any CPU
		{6BD049E2-A373-46FE-BB85-62F20C1FC5E4}.Debug|Any CPU.Build.0 = Debug|Any CPU
		{6BD049E2-A373-46FE-BB85-62F20C1FC5E4}.Release|Any CPU.ActiveCfg = Release|Any CPU
		{6BD049E2-A373-46FE-BB85-62F20C1FC5E4}.Release|Any CPU.Build.0 = Release|Any CPU
		{4AA90709-D722-48CF-A172-932A1D78938E}.Debug|Any CPU.ActiveCfg = Debug|Any CPU
		{4AA90709-D722-48CF-A172-932A1D78938E}.Debug|Any CPU.Build.0 = Debug|Any CPU
		{4AA90709-D722-48CF-A172-932A1D78938E}.Release|Any CPU.ActiveCfg = Release|Any CPU
		{4AA90709-D722-48CF-A172-932A1D78938E}.Release|Any CPU.Build.0 = Release|Any CPU
		{8C5AC7BF-14AC-4718-BA2B-45C773051D03}.Debug|Any CPU.ActiveCfg = Debug|Any CPU
		{8C5AC7BF-14AC-4718-BA2B-45C773051D03}.Debug|Any CPU.Build.0 = Debug|Any CPU
		{8C5AC7BF-14AC-4718-BA2B-45C773051D03}.Release|Any CPU.ActiveCfg = Release|Any CPU
		{8C5AC7BF-14AC-4718-BA2B-45C773051D03}.Release|Any CPU.Build.0 = Release|Any CPU
		{8F77D05A-2FD8-4F5E-B596-538ECCF35962}.Debug|Any CPU.ActiveCfg = Debug|Any CPU
		{8F77D05A-2FD8-4F5E-B596-538ECCF35962}.Debug|Any CPU.Build.0 = Debug|Any CPU
		{8F77D05A-2FD8-4F5E-B596-538ECCF35962}.Release|Any CPU.ActiveCfg = Release|Any CPU
		{8F77D05A-2FD8-4F5E-B596-538ECCF35962}.Release|Any CPU.Build.0 = Release|Any CPU
		{54BCC452-920D-4502-9E02-3E3291B94974}.Debug|Any CPU.ActiveCfg = Debug|Any CPU
		{54BCC452-920D-4502-9E02-3E3291B94974}.Debug|Any CPU.Build.0 = Debug|Any CPU
		{54BCC452-920D-4502-9E02-3E3291B94974}.Release|Any CPU.ActiveCfg = Release|Any CPU
		{54BCC452-920D-4502-9E02-3E3291B94974}.Release|Any CPU.Build.0 = Release|Any CPU
	EndGlobalSection
	GlobalSection(SolutionProperties) = preSolution
		HideSolutionNode = FALSE
	EndGlobalSection
EndGlobal
